
Microsoft Visual Studio Solution File, Format Version 12.00
# Visual Studio Version 17
VisualStudioVersion = 17.0.31903.59
MinimumVisualStudioVersion = 10.0.40219.1
Project("{FAE04EC0-301F-11D3-BF4B-00C04F79EFBC}") = "Preagonal.Scripting.GS2Compiler", "Preagonal.Scripting.GS2Compiler\Preagonal.Scripting.GS2Compiler.csproj", "{565305C0-5876-479F-94B8-109812F5C3F6}"
EndProject
Project("{FAE04EC0-301F-11D3-BF4B-00C04F79EFBC}") = "Preagonal.Scripting.GS2Compiler.Cli", "Preagonal.Scripting.GS2Compiler.Cli\Preagonal.Scripting.GS2Compiler.Cli.csproj", "{F1E91126-B011-489F-ACBD-D06F45625753}"
EndProject
Project("{FAE04EC0-301F-11D3-BF4B-00C04F79EFBC}") = "Preagonal.Scripting.GS2Compiler.Native", "Preagonal.Scripting.GS2Compiler.Native\Preagonal.Scripting.GS2Compiler.Native.csproj", "{ABF5DF25-D8FE-4B97-AED7-F85BB2C24F04}"
EndProject
Project("{FAE04EC0-301F-11D3-BF4B-00C04F79EFBC}") = "Preagonal.Scripting.GS2Compiler.UnitTests", "Preagonal.Scripting.GS2Compiler.UnitTests\Preagonal.Scripting.GS2Compiler.UnitTests.csproj", "{28A15988-5071-4B68-8C46-120771A4E4DB}"
EndProject
Global
	GlobalSection(SolutionConfigurationPlatforms) = preSolution
		Debug|Any CPU = Debug|Any CPU
		Debug|x64 = Debug|x64
		Debug|x86 = Debug|x86
		Release|Any CPU = Release|Any CPU
		Release|x64 = Release|x64
		Release|x86 = Release|x86
	EndGlobalSection
	GlobalSection(ProjectConfigurationPlatforms) = postSolution
		{565305C0-5876-479F-94B8-109812F5C3F6}.Debug|Any CPU.ActiveCfg = Debug|Any CPU
		{565305C0-5876-479F-94B8-109812F5C3F6}.Debug|Any CPU.Build.0 = Debug|Any CPU
		{565305C0-5876-479F-94B8-109812F5C3F6}.Debug|x64.ActiveCfg = Debug|Any CPU
		{565305C0-5876-479F-94B8-109812F5C3F6}.Debug|x64.Build.0 = Debug|Any CPU
		{565305C0-5876-479F-94B8-109812F5C3F6}.Debug|x86.ActiveCfg = Debug|Any CPU
		{565305C0-5876-479F-94B8-109812F5C3F6}.Debug|x86.Build.0 = Debug|Any CPU
		{565305C0-5876-479F-94B8-109812F5C3F6}.Release|Any CPU.ActiveCfg = Release|Any CPU
		{565305C0-5876-479F-94B8-109812F5C3F6}.Release|Any CPU.Build.0 = Release|Any CPU
		{565305C0-5876-479F-94B8-109812F5C3F6}.Release|x64.ActiveCfg = Release|Any CPU
		{565305C0-5876-479F-94B8-109812F5C3F6}.Release|x64.Build.0 = Release|Any CPU
		{565305C0-5876-479F-94B8-109812F5C3F6}.Release|x86.ActiveCfg = Release|Any CPU
		{565305C0-5876-479F-94B8-109812F5C3F6}.Release|x86.Build.0 = Release|Any CPU
		{F1E91126-B011-489F-ACBD-D06F45625753}.Debug|Any CPU.ActiveCfg = Debug|Any CPU
		{F1E91126-B011-489F-ACBD-D06F45625753}.Debug|Any CPU.Build.0 = Debug|Any CPU
		{F1E91126-B011-489F-ACBD-D06F45625753}.Debug|x64.ActiveCfg = Debug|Any CPU
		{F1E91126-B011-489F-ACBD-D06F45625753}.Debug|x64.Build.0 = Debug|Any CPU
		{F1E91126-B011-489F-ACBD-D06F45625753}.Debug|x86.ActiveCfg = Debug|Any CPU
		{F1E91126-B011-489F-ACBD-D06F45625753}.Debug|x86.Build.0 = Debug|Any CPU
		{F1E91126-B011-489F-ACBD-D06F45625753}.Release|Any CPU.ActiveCfg = Release|Any CPU
		{F1E91126-B011-489F-ACBD-D06F45625753}.Release|Any CPU.Build.0 = Release|Any CPU
		{F1E91126-B011-489F-ACBD-D06F45625753}.Release|x64.ActiveCfg = Release|Any CPU
		{F1E91126-B011-489F-ACBD-D06F45625753}.Release|x64.Build.0 = Release|Any CPU
		{F1E91126-B011-489F-ACBD-D06F45625753}.Release|x86.ActiveCfg = Release|Any CPU
		{F1E91126-B011-489F-ACBD-D06F45625753}.Release|x86.Build.0 = Release|Any CPU
		{ABF5DF25-D8FE-4B97-AED7-F85BB2C24F04}.Debug|Any CPU.ActiveCfg = Debug|Any CPU
		{ABF5DF25-D8FE-4B97-AED7-F85BB2C24F04}.Debug|Any CPU.Build.0 = Debug|Any CPU
		{ABF5DF25-D8FE-4B97-AED7-F85BB2C24F04}.Debug|x64.ActiveCfg = Debug|Any CPU
		{ABF5DF25-D8FE-4B97-AED7-F85BB2C24F04}.Debug|x64.Build.0 = Debug|Any CPU
		{ABF5DF25-D8FE-4B97-AED7-F85BB2C24F04}.Debug|x86.ActiveCfg = Debug|Any CPU
		{ABF5DF25-D8FE-4B97-AED7-F85BB2C24F04}.Debug|x86.Build.0 = Debug|Any CPU
		{ABF5DF25-D8FE-4B97-AED7-F85BB2C24F04}.Release|Any CPU.ActiveCfg = Release|Any CPU
		{ABF5DF25-D8FE-4B97-AED7-F85BB2C24F04}.Release|Any CPU.Build.0 = Release|Any CPU
		{ABF5DF25-D8FE-4B97-AED7-F85BB2C24F04}.Release|x64.ActiveCfg = Release|Any CPU
		{ABF5DF25-D8FE-4B97-AED7-F85BB2C24F04}.Release|x64.Build.0 = Release|Any CPU
		{ABF5DF25-D8FE-4B97-AED7-F85BB2C24F04}.Release|x86.ActiveCfg = Release|Any CPU
		{ABF5DF25-D8FE-4B97-AED7-F85BB2C24F04}.Release|x86.Build.0 = Release|Any CPU
		{28A15988-5071-4B68-8C46-120771A4E4DB}.Debug|Any CPU.ActiveCfg = Debug|Any CPU
		{28A15988-5071-4B68-8C46-120771A4E4DB}.Debug|Any CPU.Build.0 = Debug|Any CPU
		{28A15988-5071-4B68-8C46-120771A4E4DB}.Debug|x64.ActiveCfg = Debug|Any CPU
		{28A15988-5071-4B68-8C46-120771A4E4DB}.Debug|x64.Build.0 = Debug|Any CPU
		{28A15988-5071-4B68-8C46-120771A4E4DB}.Debug|x86.ActiveCfg = Debug|Any CPU
		{28A15988-5071-4B68-8C46-120771A4E4DB}.Debug|x86.Build.0 = Debug|Any CPU
		{28A15988-5071-4B68-8C46-120771A4E4DB}.Release|Any CPU.ActiveCfg = Release|Any CPU
		{28A15988-5071-4B68-8C46-120771A4E4DB}.Release|Any CPU.Build.0 = Release|Any CPU
		{28A15988-5071-4B68-8C46-120771A4E4DB}.Release|x64.ActiveCfg = Release|Any CPU
		{28A15988-5071-4B68-8C46-120771A4E4DB}.Release|x64.Build.0 = Release|Any CPU
		{28A15988-5071-4B68-8C46-120771A4E4DB}.Release|x86.ActiveCfg = Release|Any CPU
		{28A15988-5071-4B68-8C46-120771A4E4DB}.Release|x86.Build.0 = Release|Any CPU
	EndGlobalSection
	GlobalSection(SolutionProperties) = preSolution
		HideSolutionNode = FALSE
	EndGlobalSection
EndGlobal
